{
  "name": "dev",
  "version": "1.0.0",
  "lockfileVersion": 2,
  "requires": true,
  "packages": {
    "": {
      "name": "dev",
      "version": "1.0.0",
      "license": "ISC",
      "dependencies": {
        "vega-lite-api": "^5.6.0"
      }
    },
    "node_modules/vega-lite-api": {
      "version": "5.6.0",
      "resolved": "https://registry.npmjs.org/vega-lite-api/-/vega-lite-api-5.6.0.tgz",
      "integrity": "sha512-8es9NUcbhqHnyMvUNtejbzR5pt3Kk0PNN+sng+CoKefQJkej4p648CmEXG1PiPpkfMlykDsIKMmBrQG3KVqyeQ=="
    }
  },
  "dependencies": {
    "vega-lite-api": {
      "version": "5.6.0",
      "resolved": "https://registry.npmjs.org/vega-lite-api/-/vega-lite-api-5.6.0.tgz",
      "integrity": "sha512-8es9NUcbhqHnyMvUNtejbzR5pt3Kk0PNN+sng+CoKefQJkej4p648CmEXG1PiPpkfMlykDsIKMmBrQG3KVqyeQ=="
    }
  }
}
